
Microsoft Visual Studio Solution File, Format Version 11.00
# Visual Studio 2010
Project("{FAE04EC0-301F-11D3-BF4B-00C04F79EFBC}") = "Ojo", "Ojo\Ojo.csproj", "{815EF968-3AB5-402B-8449-4BF7C5F430B2}"
EndProject
Project("{FAE04EC0-301F-11D3-BF4B-00C04F79EFBC}") = "Ojo.Tests", "Ojo.Tests\Ojo.Tests.csproj", "{6D138442-0B42-4B7D-BE46-A933D8FAA0EC}"
EndProject
Project("{2150E333-8FDC-42A3-9474-1A3956D46DE8}") = "Solution Items", "Solution Items", "{03676C49-C56C-4B8C-BAB7-744AB45467D6}"
	ProjectSection(SolutionItems) = preProject
		LICENSE = LICENSE
		README.md = README.md
	EndProjectSection
EndProject
Project("{FAE04EC0-301F-11D3-BF4B-00C04F79EFBC}") = "FontLibrary", "FontLibrary\FontLibrary.csproj", "{BC26A139-42E6-44EF-9D21-16EE63F5C400}"
EndProject
Global
	GlobalSection(SolutionConfigurationPlatforms) = preSolution
		Debug|Any CPU = Debug|Any CPU
		Debug|x86 = Debug|x86
		Release|Any CPU = Release|Any CPU
		Release|x86 = Release|x86
	EndGlobalSection
	GlobalSection(ProjectConfigurationPlatforms) = postSolution
		{815EF968-3AB5-402B-8449-4BF7C5F430B2}.Debug|Any CPU.ActiveCfg = Debug|Any CPU
		{815EF968-3AB5-402B-8449-4BF7C5F430B2}.Debug|Any CPU.Build.0 = Debug|Any CPU
		{815EF968-3AB5-402B-8449-4BF7C5F430B2}.Debug|x86.ActiveCfg = Debug|x86
		{815EF968-3AB5-402B-8449-4BF7C5F430B2}.Debug|x86.Build.0 = Debug|x86
		{815EF968-3AB5-402B-8449-4BF7C5F430B2}.Release|Any CPU.ActiveCfg = Release|Any CPU
		{815EF968-3AB5-402B-8449-4BF7C5F430B2}.Release|Any CPU.Build.0 = Release|Any CPU
		{815EF968-3AB5-402B-8449-4BF7C5F430B2}.Release|x86.ActiveCfg = Release|x86
		{815EF968-3AB5-402B-8449-4BF7C5F430B2}.Release|x86.Build.0 = Release|x86
		{6D138442-0B42-4B7D-BE46-A933D8FAA0EC}.Debug|Any CPU.ActiveCfg = Debug|Any CPU
		{6D138442-0B42-4B7D-BE46-A933D8FAA0EC}.Debug|Any CPU.Build.0 = Debug|Any CPU
		{6D138442-0B42-4B7D-BE46-A933D8FAA0EC}.Debug|x86.ActiveCfg = Debug|Any CPU
		{6D138442-0B42-4B7D-BE46-A933D8FAA0EC}.Release|Any CPU.ActiveCfg = Release|Any CPU
		{6D138442-0B42-4B7D-BE46-A933D8FAA0EC}.Release|Any CPU.Build.0 = Release|Any CPU
		{6D138442-0B42-4B7D-BE46-A933D8FAA0EC}.Release|x86.ActiveCfg = Release|Any CPU
		{BC26A139-42E6-44EF-9D21-16EE63F5C400}.Debug|Any CPU.ActiveCfg = Debug|Any CPU
		{BC26A139-42E6-44EF-9D21-16EE63F5C400}.Debug|Any CPU.Build.0 = Debug|Any CPU
		{BC26A139-42E6-44EF-9D21-16EE63F5C400}.Debug|x86.ActiveCfg = Debug|Any CPU
		{BC26A139-42E6-44EF-9D21-16EE63F5C400}.Release|Any CPU.ActiveCfg = Release|Any CPU
		{BC26A139-42E6-44EF-9D21-16EE63F5C400}.Release|Any CPU.Build.0 = Release|Any CPU
		{BC26A139-42E6-44EF-9D21-16EE63F5C400}.Release|x86.ActiveCfg = Release|Any CPU
	EndGlobalSection
	GlobalSection(SolutionProperties) = preSolution
		HideSolutionNode = FALSE
	EndGlobalSection
EndGlobal
